// !$*UTF8*$!
{
	archiveVersion = 1;
	classes = {
	};
	objectVersion = 56;
	objects = {

/* Begin PBXBuildFile section */
		61272004EE784AC82360CD24 /* Pods_Synced.framework in Frameworks */ = {isa = PBXBuildFile; fileRef = 3577DDC7AB8394E096B8D417 /* Pods_Synced.framework */; };
		8002EBDE2B657CBC0017C01A /* ActivityView.swift in Sources */ = {isa = PBXBuildFile; fileRef = 8002EBDD2B657CBC0017C01A /* ActivityView.swift */; };
		8002EBE02B658EB70017C01A /* Activity.swift in Sources */ = {isa = PBXBuildFile; fileRef = 8002EBDF2B658EB70017C01A /* Activity.swift */; };
		801CC9502B16622A006FB76D /* TextLink.swift in Sources */ = {isa = PBXBuildFile; fileRef = 801CC94F2B16622A006FB76D /* TextLink.swift */; };
		801CC9522B167183006FB76D /* Logo.swift in Sources */ = {isa = PBXBuildFile; fileRef = 801CC9512B167183006FB76D /* Logo.swift */; };
		801CC9582B167326006FB76D /* LoginViewModel.swift in Sources */ = {isa = PBXBuildFile; fileRef = 801CC9572B167326006FB76D /* LoginViewModel.swift */; };
		801CC95A2B16736B006FB76D /* SignUpViewModel.swift in Sources */ = {isa = PBXBuildFile; fileRef = 801CC9592B16736B006FB76D /* SignUpViewModel.swift */; };
		8020A8B02B6D52A9004C9568 /* CachingService.swift in Sources */ = {isa = PBXBuildFile; fileRef = 8020A8AF2B6D52A9004C9568 /* CachingService.swift */; };
		8020A8B52B726D32004C9568 /* SelectImage.swift in Sources */ = {isa = PBXBuildFile; fileRef = 8020A8B42B726D32004C9568 /* SelectImage.swift */; };
		8020A8B72B727C5B004C9568 /* ImageService.swift in Sources */ = {isa = PBXBuildFile; fileRef = 8020A8B62B727C5B004C9568 /* ImageService.swift */; };
		802184E42B482F0F0096F702 /* Requests.swift in Sources */ = {isa = PBXBuildFile; fileRef = 802184E32B482F0F0096F702 /* Requests.swift */; };
		802184E62B4885E90096F702 /* HomeView.swift in Sources */ = {isa = PBXBuildFile; fileRef = 802184E52B4885E90096F702 /* HomeView.swift */; };
		802184E82B4885F30096F702 /* HomeViewModel.swift in Sources */ = {isa = PBXBuildFile; fileRef = 802184E72B4885F30096F702 /* HomeViewModel.swift */; };
		802184EA2B4887DA0096F702 /* CollaborativePlaylistMenuView.swift in Sources */ = {isa = PBXBuildFile; fileRef = 802184E92B4887DA0096F702 /* CollaborativePlaylistMenuView.swift */; };
		802184EC2B488A340096F702 /* CollaborativePlaylistMenuViewModel.swift in Sources */ = {isa = PBXBuildFile; fileRef = 802184EB2B488A340096F702 /* CollaborativePlaylistMenuViewModel.swift */; };
		802184F02B497F570096F702 /* CreatePlaylistView.swift in Sources */ = {isa = PBXBuildFile; fileRef = 802184EF2B497F570096F702 /* CreatePlaylistView.swift */; };
		802184F42B4986FA0096F702 /* CreatePlaylistViewModel.swift in Sources */ = {isa = PBXBuildFile; fileRef = 802184F32B4986FA0096F702 /* CreatePlaylistViewModel.swift */; };
		802184F62B498B1B0096F702 /* Playlist.swift in Sources */ = {isa = PBXBuildFile; fileRef = 802184F52B498B1B0096F702 /* Playlist.swift */; };
		802184F82B498C620096F702 /* Song.swift in Sources */ = {isa = PBXBuildFile; fileRef = 802184F72B498C620096F702 /* Song.swift */; };
		8023D1EF2B4B09E6000A1C57 /* SongService.swift in Sources */ = {isa = PBXBuildFile; fileRef = 8023D1EE2B4B09E6000A1C57 /* SongService.swift */; };
		8023D1F12B4B0BFC000A1C57 /* Paginated.swift in Sources */ = {isa = PBXBuildFile; fileRef = 8023D1F02B4B0BFC000A1C57 /* Paginated.swift */; };
		8023D1F32B4B0D9D000A1C57 /* AddSongsViewModel.swift in Sources */ = {isa = PBXBuildFile; fileRef = 8023D1F22B4B0D9D000A1C57 /* AddSongsViewModel.swift */; };
		80319D9D2B73C44B00C4AB19 /* ProfileAsyncImageLoader.swift in Sources */ = {isa = PBXBuildFile; fileRef = 80319D9C2B73C44B00C4AB19 /* ProfileAsyncImageLoader.swift */; };
		804931592B6AAA2700A413A1 /* Notification.swift in Sources */ = {isa = PBXBuildFile; fileRef = 804931582B6AAA2700A413A1 /* Notification.swift */; };
		8049315C2B6BF3C000A413A1 /* StreamingServiceToggles.swift in Sources */ = {isa = PBXBuildFile; fileRef = 8049315B2B6BF3C000A413A1 /* StreamingServiceToggles.swift */; };
		80550D392B17CB1A00678B11 /* KeychainService.swift in Sources */ = {isa = PBXBuildFile; fileRef = 80550D382B17CB1A00678B11 /* KeychainService.swift */; };
		80550D3B2B17D18500678B11 /* ContentViewModel.swift in Sources */ = {isa = PBXBuildFile; fileRef = 80550D3A2B17D18500678B11 /* ContentViewModel.swift */; };
		805D49432B0FDE100081B076 /* SyncedFrontendApp.swift in Sources */ = {isa = PBXBuildFile; fileRef = 805D49422B0FDE100081B076 /* SyncedFrontendApp.swift */; };
		805D49452B0FDE100081B076 /* ContentView.swift in Sources */ = {isa = PBXBuildFile; fileRef = 805D49442B0FDE100081B076 /* ContentView.swift */; };
		805D49472B0FDE120081B076 /* Assets.xcassets in Resources */ = {isa = PBXBuildFile; fileRef = 805D49462B0FDE120081B076 /* Assets.xcassets */; };
		805D494A2B0FDE120081B076 /* Preview Assets.xcassets in Resources */ = {isa = PBXBuildFile; fileRef = 805D49492B0FDE120081B076 /* Preview Assets.xcassets */; };
		805D49522B0FDEA60081B076 /* LoginView.swift in Sources */ = {isa = PBXBuildFile; fileRef = 805D49512B0FDEA60081B076 /* LoginView.swift */; };
		805D49542B0FDF370081B076 /* SignUpView.swift in Sources */ = {isa = PBXBuildFile; fileRef = 805D49532B0FDF370081B076 /* SignUpView.swift */; };
		805D49592B0FF31D0081B076 /* RoundButton.swift in Sources */ = {isa = PBXBuildFile; fileRef = 805D49582B0FF31D0081B076 /* RoundButton.swift */; };
		805D495C2B0FF8350081B076 /* LongInput.swift in Sources */ = {isa = PBXBuildFile; fileRef = 805D495B2B0FF8350081B076 /* LongInput.swift */; };
		805D495F2B0FFDE70081B076 /* AuthenticationService.swift in Sources */ = {isa = PBXBuildFile; fileRef = 805D495E2B0FFDE70081B076 /* AuthenticationService.swift */; };
		8061CE082B29DAAF00B0FFD6 /* Errors.swift in Sources */ = {isa = PBXBuildFile; fileRef = 8061CE072B29DAAF00B0FFD6 /* Errors.swift */; };
		8061CE0A2B29EC4400B0FFD6 /* DIContainer.swift in Sources */ = {isa = PBXBuildFile; fileRef = 8061CE092B29EC4400B0FFD6 /* DIContainer.swift */; };
		8061CE0C2B29EE2C00B0FFD6 /* FallbackAuthenticationService.swift in Sources */ = {isa = PBXBuildFile; fileRef = 8061CE0B2B29EE2C00B0FFD6 /* FallbackAuthenticationService.swift */; };
		8061CE0F2B29EED400B0FFD6 /* AuthenticationServiceProtocol.swift in Sources */ = {isa = PBXBuildFile; fileRef = 8061CE0E2B29EED400B0FFD6 /* AuthenticationServiceProtocol.swift */; };
		8061CE122B2B50FD00B0FFD6 /* MusicKitService.swift in Sources */ = {isa = PBXBuildFile; fileRef = 8061CE112B2B50FD00B0FFD6 /* MusicKitService.swift */; };
		8061CE162B2B9F6B00B0FFD6 /* CollaborativePlaylistService.swift in Sources */ = {isa = PBXBuildFile; fileRef = 8061CE152B2B9F6B00B0FFD6 /* CollaborativePlaylistService.swift */; };
		806485032B66ACF600B62C93 /* ActivityService.swift in Sources */ = {isa = PBXBuildFile; fileRef = 806485022B66ACF600B62C93 /* ActivityService.swift */; };
		806485062B66B12800B62C93 /* RequestView.swift in Sources */ = {isa = PBXBuildFile; fileRef = 806485052B66B12800B62C93 /* RequestView.swift */; };
		806485092B66B1B200B62C93 /* ActivityViewModel.swift in Sources */ = {isa = PBXBuildFile; fileRef = 806485082B66B1B200B62C93 /* ActivityViewModel.swift */; };
		8064850B2B66B1BF00B62C93 /* RequestViewModel.swift in Sources */ = {isa = PBXBuildFile; fileRef = 8064850A2B66B1BF00B62C93 /* RequestViewModel.swift */; };
		8064850D2B6923C900B62C93 /* ProfileView.swift in Sources */ = {isa = PBXBuildFile; fileRef = 8064850C2B6923C900B62C93 /* ProfileView.swift */; };
		8064850F2B69259F00B62C93 /* ProfileViewModel.swift in Sources */ = {isa = PBXBuildFile; fileRef = 8064850E2B69259F00B62C93 /* ProfileViewModel.swift */; };
		8068584F2B8E173B00DD973D /* EditCollaboratorsView.swift in Sources */ = {isa = PBXBuildFile; fileRef = 8068584E2B8E173B00DD973D /* EditCollaboratorsView.swift */; };
		806858512B8E176600DD973D /* EditCollaboratorsViewModel.swift in Sources */ = {isa = PBXBuildFile; fileRef = 806858502B8E176600DD973D /* EditCollaboratorsViewModel.swift */; };
		80B4E6AA2B73F8B50026D9C4 /* CachedAsyncImage.swift in Sources */ = {isa = PBXBuildFile; fileRef = 80B4E6A92B73F8B50026D9C4 /* CachedAsyncImage.swift */; };
		80B82BFD2B49CB5F00277AEA /* CollaborativePlaylistView.swift in Sources */ = {isa = PBXBuildFile; fileRef = 80B82BFC2B49CB5F00277AEA /* CollaborativePlaylistView.swift */; };
		80B82BFF2B49DB5800277AEA /* MusicAsyncImageLoader.swift in Sources */ = {isa = PBXBuildFile; fileRef = 80B82BFE2B49DB5800277AEA /* MusicAsyncImageLoader.swift */; };
		80B82C012B49DE3400277AEA /* CollaborativePlaylistViewModel.swift in Sources */ = {isa = PBXBuildFile; fileRef = 80B82C002B49DE3400277AEA /* CollaborativePlaylistViewModel.swift */; };
		80B82C032B4AC5F400277AEA /* AddSongsView.swift in Sources */ = {isa = PBXBuildFile; fileRef = 80B82C022B4AC5F400277AEA /* AddSongsView.swift */; };
		80CE06AC2B2CB23A00D926E2 /* LoadingView.swift in Sources */ = {isa = PBXBuildFile; fileRef = 80CE06AB2B2CB23A00D926E2 /* LoadingView.swift */; };
		80D896E52B5B1B8C00543685 /* User.swift in Sources */ = {isa = PBXBuildFile; fileRef = 80D896E42B5B1B8C00543685 /* User.swift */; };
		80D896E82B5B1BFA00543685 /* UserService.swift in Sources */ = {isa = PBXBuildFile; fileRef = 80D896E72B5B1BFA00543685 /* UserService.swift */; };
		80E2EB2D2B20E65400E99BF9 /* AppleMusicService.swift in Sources */ = {isa = PBXBuildFile; fileRef = 80E2EB2C2B20E65400E99BF9 /* AppleMusicService.swift */; };
		80E2EB322B22748D00E99BF9 /* Responses.swift in Sources */ = {isa = PBXBuildFile; fileRef = 80E2EB312B22748D00E99BF9 /* Responses.swift */; };
		80E2EB342B22775F00E99BF9 /* ApiService.swift in Sources */ = {isa = PBXBuildFile; fileRef = 80E2EB332B22775F00E99BF9 /* ApiService.swift */; };
		80F9CF832B694455003EAB5F /* AppSettings.swift in Sources */ = {isa = PBXBuildFile; fileRef = 80F9CF822B694455003EAB5F /* AppSettings.swift */; };
		80F9CF852B6945FA003EAB5F /* SpotifyService.swift in Sources */ = {isa = PBXBuildFile; fileRef = 80F9CF842B6945FA003EAB5F /* SpotifyService.swift */; };
/* End PBXBuildFile section */

/* Begin PBXFileReference section */
		3577DDC7AB8394E096B8D417 /* Pods_Synced.framework */ = {isa = PBXFileReference; explicitFileType = wrapper.framework; includeInIndex = 0; path = Pods_Synced.framework; sourceTree = BUILT_PRODUCTS_DIR; };
		70EEB0157DAEF91E69E9404A /* Pods-SyncedFrontend.debug.xcconfig */ = {isa = PBXFileReference; includeInIndex = 1; lastKnownFileType = text.xcconfig; name = "Pods-SyncedFrontend.debug.xcconfig"; path = "Target Support Files/Pods-SyncedFrontend/Pods-SyncedFrontend.debug.xcconfig"; sourceTree = "<group>"; };
		72FF33C5399CF108B4CD1F6B /* Pods-Synced.release.xcconfig */ = {isa = PBXFileReference; includeInIndex = 1; lastKnownFileType = text.xcconfig; name = "Pods-Synced.release.xcconfig"; path = "Target Support Files/Pods-Synced/Pods-Synced.release.xcconfig"; sourceTree = "<group>"; };
		74C84D90D36E8D544155A259 /* Pods-SyncedFrontend.release.xcconfig */ = {isa = PBXFileReference; includeInIndex = 1; lastKnownFileType = text.xcconfig; name = "Pods-SyncedFrontend.release.xcconfig"; path = "Target Support Files/Pods-SyncedFrontend/Pods-SyncedFrontend.release.xcconfig"; sourceTree = "<group>"; };
		8002EBDD2B657CBC0017C01A /* ActivityView.swift */ = {isa = PBXFileReference; lastKnownFileType = sourcecode.swift; path = ActivityView.swift; sourceTree = "<group>"; };
		8002EBDF2B658EB70017C01A /* Activity.swift */ = {isa = PBXFileReference; lastKnownFileType = sourcecode.swift; path = Activity.swift; sourceTree = "<group>"; };
		80197DD32B7513B100711CFA /* Debug.xcconfig */ = {isa = PBXFileReference; lastKnownFileType = text.xcconfig; path = Debug.xcconfig; sourceTree = "<group>"; };
		80197DD42B7513C800711CFA /* Release.xcconfig */ = {isa = PBXFileReference; lastKnownFileType = text.xcconfig; path = Release.xcconfig; sourceTree = "<group>"; };
		801CC94F2B16622A006FB76D /* TextLink.swift */ = {isa = PBXFileReference; lastKnownFileType = sourcecode.swift; path = TextLink.swift; sourceTree = "<group>"; };
		801CC9512B167183006FB76D /* Logo.swift */ = {isa = PBXFileReference; lastKnownFileType = sourcecode.swift; path = Logo.swift; sourceTree = "<group>"; };
		801CC9572B167326006FB76D /* LoginViewModel.swift */ = {isa = PBXFileReference; lastKnownFileType = sourcecode.swift; path = LoginViewModel.swift; sourceTree = "<group>"; };
		801CC9592B16736B006FB76D /* SignUpViewModel.swift */ = {isa = PBXFileReference; lastKnownFileType = sourcecode.swift; path = SignUpViewModel.swift; sourceTree = "<group>"; };
		8020A8AF2B6D52A9004C9568 /* CachingService.swift */ = {isa = PBXFileReference; lastKnownFileType = sourcecode.swift; path = CachingService.swift; sourceTree = "<group>"; };
		8020A8B42B726D32004C9568 /* SelectImage.swift */ = {isa = PBXFileReference; lastKnownFileType = sourcecode.swift; path = SelectImage.swift; sourceTree = "<group>"; };
		8020A8B62B727C5B004C9568 /* ImageService.swift */ = {isa = PBXFileReference; lastKnownFileType = sourcecode.swift; path = ImageService.swift; sourceTree = "<group>"; };
		802184E32B482F0F0096F702 /* Requests.swift */ = {isa = PBXFileReference; lastKnownFileType = sourcecode.swift; path = Requests.swift; sourceTree = "<group>"; };
		802184E52B4885E90096F702 /* HomeView.swift */ = {isa = PBXFileReference; lastKnownFileType = sourcecode.swift; path = HomeView.swift; sourceTree = "<group>"; };
		802184E72B4885F30096F702 /* HomeViewModel.swift */ = {isa = PBXFileReference; lastKnownFileType = sourcecode.swift; path = HomeViewModel.swift; sourceTree = "<group>"; };
		802184E92B4887DA0096F702 /* CollaborativePlaylistMenuView.swift */ = {isa = PBXFileReference; lastKnownFileType = sourcecode.swift; path = CollaborativePlaylistMenuView.swift; sourceTree = "<group>"; };
		802184EB2B488A340096F702 /* CollaborativePlaylistMenuViewModel.swift */ = {isa = PBXFileReference; lastKnownFileType = sourcecode.swift; path = CollaborativePlaylistMenuViewModel.swift; sourceTree = "<group>"; };
		802184EF2B497F570096F702 /* CreatePlaylistView.swift */ = {isa = PBXFileReference; lastKnownFileType = sourcecode.swift; path = CreatePlaylistView.swift; sourceTree = "<group>"; };
		802184F32B4986FA0096F702 /* CreatePlaylistViewModel.swift */ = {isa = PBXFileReference; lastKnownFileType = sourcecode.swift; path = CreatePlaylistViewModel.swift; sourceTree = "<group>"; };
		802184F52B498B1B0096F702 /* Playlist.swift */ = {isa = PBXFileReference; lastKnownFileType = sourcecode.swift; path = Playlist.swift; sourceTree = "<group>"; };
		802184F72B498C620096F702 /* Song.swift */ = {isa = PBXFileReference; lastKnownFileType = sourcecode.swift; path = Song.swift; sourceTree = "<group>"; };
		8023D1EE2B4B09E6000A1C57 /* SongService.swift */ = {isa = PBXFileReference; lastKnownFileType = sourcecode.swift; path = SongService.swift; sourceTree = "<group>"; };
		8023D1F02B4B0BFC000A1C57 /* Paginated.swift */ = {isa = PBXFileReference; lastKnownFileType = sourcecode.swift; path = Paginated.swift; sourceTree = "<group>"; };
		8023D1F22B4B0D9D000A1C57 /* AddSongsViewModel.swift */ = {isa = PBXFileReference; lastKnownFileType = sourcecode.swift; path = AddSongsViewModel.swift; sourceTree = "<group>"; };
		80319D9C2B73C44B00C4AB19 /* ProfileAsyncImageLoader.swift */ = {isa = PBXFileReference; lastKnownFileType = sourcecode.swift; path = ProfileAsyncImageLoader.swift; sourceTree = "<group>"; };
		804931582B6AAA2700A413A1 /* Notification.swift */ = {isa = PBXFileReference; lastKnownFileType = sourcecode.swift; path = Notification.swift; sourceTree = "<group>"; };
		8049315A2B6AECE300A413A1 /* Synced.entitlements */ = {isa = PBXFileReference; lastKnownFileType = text.plist.entitlements; path = Synced.entitlements; sourceTree = "<group>"; };
		8049315B2B6BF3C000A413A1 /* StreamingServiceToggles.swift */ = {isa = PBXFileReference; lastKnownFileType = sourcecode.swift; path = StreamingServiceToggles.swift; sourceTree = "<group>"; };
		80550D382B17CB1A00678B11 /* KeychainService.swift */ = {isa = PBXFileReference; lastKnownFileType = sourcecode.swift; path = KeychainService.swift; sourceTree = "<group>"; };
		80550D3A2B17D18500678B11 /* ContentViewModel.swift */ = {isa = PBXFileReference; lastKnownFileType = sourcecode.swift; path = ContentViewModel.swift; sourceTree = "<group>"; };
		805D493F2B0FDE100081B076 /* Synced.app */ = {isa = PBXFileReference; explicitFileType = wrapper.application; includeInIndex = 0; path = Synced.app; sourceTree = BUILT_PRODUCTS_DIR; };
		805D49422B0FDE100081B076 /* SyncedFrontendApp.swift */ = {isa = PBXFileReference; lastKnownFileType = sourcecode.swift; path = SyncedFrontendApp.swift; sourceTree = "<group>"; };
		805D49442B0FDE100081B076 /* ContentView.swift */ = {isa = PBXFileReference; lastKnownFileType = sourcecode.swift; path = ContentView.swift; sourceTree = "<group>"; };
		805D49462B0FDE120081B076 /* Assets.xcassets */ = {isa = PBXFileReference; lastKnownFileType = folder.assetcatalog; path = Assets.xcassets; sourceTree = "<group>"; };
		805D49492B0FDE120081B076 /* Preview Assets.xcassets */ = {isa = PBXFileReference; lastKnownFileType = folder.assetcatalog; path = "Preview Assets.xcassets"; sourceTree = "<group>"; };
		805D49512B0FDEA60081B076 /* LoginView.swift */ = {isa = PBXFileReference; lastKnownFileType = sourcecode.swift; path = LoginView.swift; sourceTree = "<group>"; };
		805D49532B0FDF370081B076 /* SignUpView.swift */ = {isa = PBXFileReference; lastKnownFileType = sourcecode.swift; path = SignUpView.swift; sourceTree = "<group>"; };
		805D49582B0FF31D0081B076 /* RoundButton.swift */ = {isa = PBXFileReference; lastKnownFileType = sourcecode.swift; path = RoundButton.swift; sourceTree = "<group>"; };
		805D495B2B0FF8350081B076 /* LongInput.swift */ = {isa = PBXFileReference; lastKnownFileType = sourcecode.swift; path = LongInput.swift; sourceTree = "<group>"; };
		805D495E2B0FFDE70081B076 /* AuthenticationService.swift */ = {isa = PBXFileReference; lastKnownFileType = sourcecode.swift; path = AuthenticationService.swift; sourceTree = "<group>"; };
		8061CE072B29DAAF00B0FFD6 /* Errors.swift */ = {isa = PBXFileReference; lastKnownFileType = sourcecode.swift; path = Errors.swift; sourceTree = "<group>"; };
		8061CE092B29EC4400B0FFD6 /* DIContainer.swift */ = {isa = PBXFileReference; lastKnownFileType = sourcecode.swift; path = DIContainer.swift; sourceTree = "<group>"; };
		8061CE0B2B29EE2C00B0FFD6 /* FallbackAuthenticationService.swift */ = {isa = PBXFileReference; lastKnownFileType = sourcecode.swift; path = FallbackAuthenticationService.swift; sourceTree = "<group>"; };
		8061CE0E2B29EED400B0FFD6 /* AuthenticationServiceProtocol.swift */ = {isa = PBXFileReference; lastKnownFileType = sourcecode.swift; path = AuthenticationServiceProtocol.swift; sourceTree = "<group>"; };
		8061CE102B2A618300B0FFD6 /* Info.plist */ = {isa = PBXFileReference; lastKnownFileType = text.plist; path = Info.plist; sourceTree = "<group>"; };
		8061CE112B2B50FD00B0FFD6 /* MusicKitService.swift */ = {isa = PBXFileReference; lastKnownFileType = sourcecode.swift; path = MusicKitService.swift; sourceTree = "<group>"; };
		8061CE152B2B9F6B00B0FFD6 /* CollaborativePlaylistService.swift */ = {isa = PBXFileReference; lastKnownFileType = sourcecode.swift; path = CollaborativePlaylistService.swift; sourceTree = "<group>"; };
		806485022B66ACF600B62C93 /* ActivityService.swift */ = {isa = PBXFileReference; lastKnownFileType = sourcecode.swift; path = ActivityService.swift; sourceTree = "<group>"; };
		806485052B66B12800B62C93 /* RequestView.swift */ = {isa = PBXFileReference; lastKnownFileType = sourcecode.swift; path = RequestView.swift; sourceTree = "<group>"; };
		806485082B66B1B200B62C93 /* ActivityViewModel.swift */ = {isa = PBXFileReference; lastKnownFileType = sourcecode.swift; path = ActivityViewModel.swift; sourceTree = "<group>"; };
		8064850A2B66B1BF00B62C93 /* RequestViewModel.swift */ = {isa = PBXFileReference; lastKnownFileType = sourcecode.swift; path = RequestViewModel.swift; sourceTree = "<group>"; };
		8064850C2B6923C900B62C93 /* ProfileView.swift */ = {isa = PBXFileReference; lastKnownFileType = sourcecode.swift; path = ProfileView.swift; sourceTree = "<group>"; };
		8064850E2B69259F00B62C93 /* ProfileViewModel.swift */ = {isa = PBXFileReference; lastKnownFileType = sourcecode.swift; path = ProfileViewModel.swift; sourceTree = "<group>"; };
		8068584E2B8E173B00DD973D /* EditCollaboratorsView.swift */ = {isa = PBXFileReference; lastKnownFileType = sourcecode.swift; path = EditCollaboratorsView.swift; sourceTree = "<group>"; };
		806858502B8E176600DD973D /* EditCollaboratorsViewModel.swift */ = {isa = PBXFileReference; lastKnownFileType = sourcecode.swift; path = EditCollaboratorsViewModel.swift; sourceTree = "<group>"; };
		80B4E6A92B73F8B50026D9C4 /* CachedAsyncImage.swift */ = {isa = PBXFileReference; lastKnownFileType = sourcecode.swift; path = CachedAsyncImage.swift; sourceTree = "<group>"; };
		80B82BFC2B49CB5F00277AEA /* CollaborativePlaylistView.swift */ = {isa = PBXFileReference; lastKnownFileType = sourcecode.swift; path = CollaborativePlaylistView.swift; sourceTree = "<group>"; };
		80B82BFE2B49DB5800277AEA /* MusicAsyncImageLoader.swift */ = {isa = PBXFileReference; lastKnownFileType = sourcecode.swift; path = MusicAsyncImageLoader.swift; sourceTree = "<group>"; };
		80B82C002B49DE3400277AEA /* CollaborativePlaylistViewModel.swift */ = {isa = PBXFileReference; lastKnownFileType = sourcecode.swift; path = CollaborativePlaylistViewModel.swift; sourceTree = "<group>"; };
		80B82C022B4AC5F400277AEA /* AddSongsView.swift */ = {isa = PBXFileReference; lastKnownFileType = sourcecode.swift; path = AddSongsView.swift; sourceTree = "<group>"; };
		80CE06AB2B2CB23A00D926E2 /* LoadingView.swift */ = {isa = PBXFileReference; lastKnownFileType = sourcecode.swift; path = LoadingView.swift; sourceTree = "<group>"; };
		80D896E12B5AD42200543685 /* ci_post_clone.sh */ = {isa = PBXFileReference; lastKnownFileType = text.script.sh; path = ci_post_clone.sh; sourceTree = "<group>"; };
		80D896E22B5AD43D00543685 /* ci_post_xcodebuild.sh */ = {isa = PBXFileReference; lastKnownFileType = text.script.sh; path = ci_post_xcodebuild.sh; sourceTree = "<group>"; };
		80D896E32B5AD44C00543685 /* ci_pre_xcodebuild.sh */ = {isa = PBXFileReference; lastKnownFileType = text.script.sh; path = ci_pre_xcodebuild.sh; sourceTree = "<group>"; };
		80D896E42B5B1B8C00543685 /* User.swift */ = {isa = PBXFileReference; lastKnownFileType = sourcecode.swift; path = User.swift; sourceTree = "<group>"; };
		80D896E72B5B1BFA00543685 /* UserService.swift */ = {isa = PBXFileReference; lastKnownFileType = sourcecode.swift; path = UserService.swift; sourceTree = "<group>"; };
		80E2EB2C2B20E65400E99BF9 /* AppleMusicService.swift */ = {isa = PBXFileReference; lastKnownFileType = sourcecode.swift; path = AppleMusicService.swift; sourceTree = "<group>"; };
		80E2EB312B22748D00E99BF9 /* Responses.swift */ = {isa = PBXFileReference; lastKnownFileType = sourcecode.swift; path = Responses.swift; sourceTree = "<group>"; };
		80E2EB332B22775F00E99BF9 /* ApiService.swift */ = {isa = PBXFileReference; lastKnownFileType = sourcecode.swift; path = ApiService.swift; sourceTree = "<group>"; };
		80F9CF822B694455003EAB5F /* AppSettings.swift */ = {isa = PBXFileReference; lastKnownFileType = sourcecode.swift; path = AppSettings.swift; sourceTree = "<group>"; };
		80F9CF842B6945FA003EAB5F /* SpotifyService.swift */ = {isa = PBXFileReference; lastKnownFileType = sourcecode.swift; path = SpotifyService.swift; sourceTree = "<group>"; };
		D3180034E3B8A0121863CF47 /* Pods-Synced.debug.xcconfig */ = {isa = PBXFileReference; includeInIndex = 1; lastKnownFileType = text.xcconfig; name = "Pods-Synced.debug.xcconfig"; path = "Target Support Files/Pods-Synced/Pods-Synced.debug.xcconfig"; sourceTree = "<group>"; };
/* End PBXFileReference section */

/* Begin PBXFrameworksBuildPhase section */
		805D493C2B0FDE100081B076 /* Frameworks */ = {
			isa = PBXFrameworksBuildPhase;
			buildActionMask = 2147483647;
			files = (
				61272004EE784AC82360CD24 /* Pods_Synced.framework in Frameworks */,
			);
			runOnlyForDeploymentPostprocessing = 0;
		};
/* End PBXFrameworksBuildPhase section */

/* Begin PBXGroup section */
		801CC9562B16730D006FB76D /* ViewModels */ = {
			isa = PBXGroup;
			children = (
				806485072B66B19A00B62C93 /* Activity */,
				802184F22B4986E30096F702 /* CollaborativePlaylist */,
				802184F12B4986DE0096F702 /* Login */,
				80550D3A2B17D18500678B11 /* ContentViewModel.swift */,
				802184E72B4885F30096F702 /* HomeViewModel.swift */,
				8064850E2B69259F00B62C93 /* ProfileViewModel.swift */,
			);
			path = ViewModels;
			sourceTree = "<group>";
		};
		802184ED2B497ECF0096F702 /* Login */ = {
			isa = PBXGroup;
			children = (
				80CE06AB2B2CB23A00D926E2 /* LoadingView.swift */,
				805D49532B0FDF370081B076 /* SignUpView.swift */,
				805D49512B0FDEA60081B076 /* LoginView.swift */,
			);
			path = Login;
			sourceTree = "<group>";
		};
		802184EE2B497EDD0096F702 /* CollaborativePlaylist */ = {
			isa = PBXGroup;
			children = (
				802184E92B4887DA0096F702 /* CollaborativePlaylistMenuView.swift */,
				802184EF2B497F570096F702 /* CreatePlaylistView.swift */,
				80B82BFC2B49CB5F00277AEA /* CollaborativePlaylistView.swift */,
				80B82C022B4AC5F400277AEA /* AddSongsView.swift */,
				8068584E2B8E173B00DD973D /* EditCollaboratorsView.swift */,
			);
			path = CollaborativePlaylist;
			sourceTree = "<group>";
		};
		802184F12B4986DE0096F702 /* Login */ = {
			isa = PBXGroup;
			children = (
				801CC9572B167326006FB76D /* LoginViewModel.swift */,
				801CC9592B16736B006FB76D /* SignUpViewModel.swift */,
			);
			path = Login;
			sourceTree = "<group>";
		};
		802184F22B4986E30096F702 /* CollaborativePlaylist */ = {
			isa = PBXGroup;
			children = (
				802184EB2B488A340096F702 /* CollaborativePlaylistMenuViewModel.swift */,
				802184F32B4986FA0096F702 /* CreatePlaylistViewModel.swift */,
				80B82C002B49DE3400277AEA /* CollaborativePlaylistViewModel.swift */,
				8023D1F22B4B0D9D000A1C57 /* AddSongsViewModel.swift */,
				806858502B8E176600DD973D /* EditCollaboratorsViewModel.swift */,
			);
			path = CollaborativePlaylist;
			sourceTree = "<group>";
		};
		805D49362B0FDE100081B076 = {
			isa = PBXGroup;
			children = (
				8049315A2B6AECE300A413A1 /* Synced.entitlements */,
				80D896E02B5AD40100543685 /* ci_scripts */,
				805D49412B0FDE100081B076 /* SyncedFrontend */,
				805D49402B0FDE100081B076 /* Products */,
				DD29B25B3FADFB701A0B0A36 /* Pods */,
				885AEAF4EE7D11E35AC0DA93 /* Frameworks */,
			);
			sourceTree = "<group>";
		};
		805D49402B0FDE100081B076 /* Products */ = {
			isa = PBXGroup;
			children = (
				805D493F2B0FDE100081B076 /* Synced.app */,
			);
			name = Products;
			sourceTree = "<group>";
		};
		805D49412B0FDE100081B076 /* SyncedFrontend */ = {
			isa = PBXGroup;
			children = (
				8061CE102B2A618300B0FFD6 /* Info.plist */,
				8061CE0D2B29EEB700B0FFD6 /* Protocols */,
				80E2EB302B22747400E99BF9 /* Models */,
				801CC9562B16730D006FB76D /* ViewModels */,
				805D495D2B0FFDCE0081B076 /* Services */,
				805D49552B0FE6F70081B076 /* Components */,
				805D49502B0FDE770081B076 /* Views */,
				805D49422B0FDE100081B076 /* SyncedFrontendApp.swift */,
				805D49462B0FDE120081B076 /* Assets.xcassets */,
				805D49482B0FDE120081B076 /* Preview Content */,
				8061CE092B29EC4400B0FFD6 /* DIContainer.swift */,
				80F9CF822B694455003EAB5F /* AppSettings.swift */,
				80197DD32B7513B100711CFA /* Debug.xcconfig */,
				80197DD42B7513C800711CFA /* Release.xcconfig */,
			);
			path = SyncedFrontend;
			sourceTree = "<group>";
		};
		805D49482B0FDE120081B076 /* Preview Content */ = {
			isa = PBXGroup;
			children = (
				805D49492B0FDE120081B076 /* Preview Assets.xcassets */,
			);
			path = "Preview Content";
			sourceTree = "<group>";
		};
		805D49502B0FDE770081B076 /* Views */ = {
			isa = PBXGroup;
			children = (
				806485042B66B11600B62C93 /* Activity */,
				802184EE2B497EDD0096F702 /* CollaborativePlaylist */,
				802184ED2B497ECF0096F702 /* Login */,
				805D49442B0FDE100081B076 /* ContentView.swift */,
				802184E52B4885E90096F702 /* HomeView.swift */,
				8064850C2B6923C900B62C93 /* ProfileView.swift */,
			);
			path = Views;
			sourceTree = "<group>";
		};
		805D49552B0FE6F70081B076 /* Components */ = {
			isa = PBXGroup;
			children = (
				805D49582B0FF31D0081B076 /* RoundButton.swift */,
				805D495B2B0FF8350081B076 /* LongInput.swift */,
				801CC94F2B16622A006FB76D /* TextLink.swift */,
				801CC9512B167183006FB76D /* Logo.swift */,
				80B82BFE2B49DB5800277AEA /* MusicAsyncImageLoader.swift */,
				8049315B2B6BF3C000A413A1 /* StreamingServiceToggles.swift */,
				8020A8B42B726D32004C9568 /* SelectImage.swift */,
				80319D9C2B73C44B00C4AB19 /* ProfileAsyncImageLoader.swift */,
				80B4E6A92B73F8B50026D9C4 /* CachedAsyncImage.swift */,
			);
			path = Components;
			sourceTree = "<group>";
		};
		805D495D2B0FFDCE0081B076 /* Services */ = {
			isa = PBXGroup;
			children = (
				805D495E2B0FFDE70081B076 /* AuthenticationService.swift */,
				80550D382B17CB1A00678B11 /* KeychainService.swift */,
				80E2EB2C2B20E65400E99BF9 /* AppleMusicService.swift */,
				80E2EB332B22775F00E99BF9 /* ApiService.swift */,
				8061CE0B2B29EE2C00B0FFD6 /* FallbackAuthenticationService.swift */,
				8061CE112B2B50FD00B0FFD6 /* MusicKitService.swift */,
				8061CE152B2B9F6B00B0FFD6 /* CollaborativePlaylistService.swift */,
				8023D1EE2B4B09E6000A1C57 /* SongService.swift */,
				80D896E72B5B1BFA00543685 /* UserService.swift */,
				806485022B66ACF600B62C93 /* ActivityService.swift */,
				80F9CF842B6945FA003EAB5F /* SpotifyService.swift */,
				8020A8AF2B6D52A9004C9568 /* CachingService.swift */,
				8020A8B62B727C5B004C9568 /* ImageService.swift */,
			);
			path = Services;
			sourceTree = "<group>";
		};
		8061CE0D2B29EEB700B0FFD6 /* Protocols */ = {
			isa = PBXGroup;
			children = (
				8061CE0E2B29EED400B0FFD6 /* AuthenticationServiceProtocol.swift */,
			);
			path = Protocols;
			sourceTree = "<group>";
		};
		806485042B66B11600B62C93 /* Activity */ = {
			isa = PBXGroup;
			children = (
				8002EBDD2B657CBC0017C01A /* ActivityView.swift */,
				806485052B66B12800B62C93 /* RequestView.swift */,
			);
			path = Activity;
			sourceTree = "<group>";
		};
		806485072B66B19A00B62C93 /* Activity */ = {
			isa = PBXGroup;
			children = (
				806485082B66B1B200B62C93 /* ActivityViewModel.swift */,
				8064850A2B66B1BF00B62C93 /* RequestViewModel.swift */,
			);
			path = Activity;
			sourceTree = "<group>";
		};
		80D896E02B5AD40100543685 /* ci_scripts */ = {
			isa = PBXGroup;
			children = (
				80D896E12B5AD42200543685 /* ci_post_clone.sh */,
				80D896E22B5AD43D00543685 /* ci_post_xcodebuild.sh */,
				80D896E32B5AD44C00543685 /* ci_pre_xcodebuild.sh */,
			);
			path = ci_scripts;
			sourceTree = "<group>";
		};
		80E2EB302B22747400E99BF9 /* Models */ = {
			isa = PBXGroup;
			children = (
				80E2EB312B22748D00E99BF9 /* Responses.swift */,
				8061CE072B29DAAF00B0FFD6 /* Errors.swift */,
				802184E32B482F0F0096F702 /* Requests.swift */,
				802184F52B498B1B0096F702 /* Playlist.swift */,
				802184F72B498C620096F702 /* Song.swift */,
				8023D1F02B4B0BFC000A1C57 /* Paginated.swift */,
				80D896E42B5B1B8C00543685 /* User.swift */,
				8002EBDF2B658EB70017C01A /* Activity.swift */,
				804931582B6AAA2700A413A1 /* Notification.swift */,
			);
			path = Models;
			sourceTree = "<group>";
		};
		885AEAF4EE7D11E35AC0DA93 /* Frameworks */ = {
			isa = PBXGroup;
			children = (
				3577DDC7AB8394E096B8D417 /* Pods_Synced.framework */,
			);
			name = Frameworks;
			sourceTree = "<group>";
		};
		DD29B25B3FADFB701A0B0A36 /* Pods */ = {
			isa = PBXGroup;
			children = (
				70EEB0157DAEF91E69E9404A /* Pods-SyncedFrontend.debug.xcconfig */,
				74C84D90D36E8D544155A259 /* Pods-SyncedFrontend.release.xcconfig */,
				D3180034E3B8A0121863CF47 /* Pods-Synced.debug.xcconfig */,
				72FF33C5399CF108B4CD1F6B /* Pods-Synced.release.xcconfig */,
			);
			path = Pods;
			sourceTree = "<group>";
		};
/* End PBXGroup section */

/* Begin PBXNativeTarget section */
		805D493E2B0FDE100081B076 /* Synced */ = {
			isa = PBXNativeTarget;
			buildConfigurationList = 805D494D2B0FDE120081B076 /* Build configuration list for PBXNativeTarget "Synced" */;
			buildPhases = (
				B7343C8C1833260C8E5E5B79 /* [CP] Check Pods Manifest.lock */,
				805D493B2B0FDE100081B076 /* Sources */,
				805D493C2B0FDE100081B076 /* Frameworks */,
				805D493D2B0FDE100081B076 /* Resources */,
				4B7EECE31CCD076560962F33 /* [CP] Embed Pods Frameworks */,
			);
			buildRules = (
			);
			dependencies = (
			);
			name = Synced;
			productName = SyncedFrontend;
			productReference = 805D493F2B0FDE100081B076 /* Synced.app */;
			productType = "com.apple.product-type.application";
		};
/* End PBXNativeTarget section */

/* Begin PBXProject section */
		805D49372B0FDE100081B076 /* Project object */ = {
			isa = PBXProject;
			attributes = {
				BuildIndependentTargetsInParallel = 1;
				LastSwiftUpdateCheck = 1500;
				LastUpgradeCheck = 1500;
				TargetAttributes = {
					805D493E2B0FDE100081B076 = {
						CreatedOnToolsVersion = 15.0.1;
					};
				};
			};
			buildConfigurationList = 805D493A2B0FDE100081B076 /* Build configuration list for PBXProject "SyncedFrontend" */;
			compatibilityVersion = "Xcode 14.0";
			developmentRegion = en;
			hasScannedForEncodings = 0;
			knownRegions = (
				en,
				Base,
			);
			mainGroup = 805D49362B0FDE100081B076;
			productRefGroup = 805D49402B0FDE100081B076 /* Products */;
			projectDirPath = "";
			projectRoot = "";
			targets = (
				805D493E2B0FDE100081B076 /* Synced */,
			);
		};
/* End PBXProject section */

/* Begin PBXResourcesBuildPhase section */
		805D493D2B0FDE100081B076 /* Resources */ = {
			isa = PBXResourcesBuildPhase;
			buildActionMask = 2147483647;
			files = (
				805D494A2B0FDE120081B076 /* Preview Assets.xcassets in Resources */,
				805D49472B0FDE120081B076 /* Assets.xcassets in Resources */,
			);
			runOnlyForDeploymentPostprocessing = 0;
		};
/* End PBXResourcesBuildPhase section */

/* Begin PBXShellScriptBuildPhase section */
		4B7EECE31CCD076560962F33 /* [CP] Embed Pods Frameworks */ = {
			isa = PBXShellScriptBuildPhase;
			buildActionMask = 2147483647;
			files = (
			);
			inputFileListPaths = (
				"${PODS_ROOT}/Target Support Files/Pods-Synced/Pods-Synced-frameworks-${CONFIGURATION}-input-files.xcfilelist",
			);
			name = "[CP] Embed Pods Frameworks";
			outputFileListPaths = (
				"${PODS_ROOT}/Target Support Files/Pods-Synced/Pods-Synced-frameworks-${CONFIGURATION}-output-files.xcfilelist",
			);
			runOnlyForDeploymentPostprocessing = 0;
			shellPath = /bin/sh;
			shellScript = "\"${PODS_ROOT}/Target Support Files/Pods-Synced/Pods-Synced-frameworks.sh\"\n";
			showEnvVarsInLog = 0;
		};
		B7343C8C1833260C8E5E5B79 /* [CP] Check Pods Manifest.lock */ = {
			isa = PBXShellScriptBuildPhase;
			buildActionMask = 2147483647;
			files = (
			);
			inputFileListPaths = (
			);
			inputPaths = (
				"${PODS_PODFILE_DIR_PATH}/Podfile.lock",
				"${PODS_ROOT}/Manifest.lock",
			);
			name = "[CP] Check Pods Manifest.lock";
			outputFileListPaths = (
			);
			outputPaths = (
				"$(DERIVED_FILE_DIR)/Pods-Synced-checkManifestLockResult.txt",
			);
			runOnlyForDeploymentPostprocessing = 0;
			shellPath = /bin/sh;
			shellScript = "diff \"${PODS_PODFILE_DIR_PATH}/Podfile.lock\" \"${PODS_ROOT}/Manifest.lock\" > /dev/null\nif [ $? != 0 ] ; then\n    # print error to STDERR\n    echo \"error: The sandbox is not in sync with the Podfile.lock. Run 'pod install' or update your CocoaPods installation.\" >&2\n    exit 1\nfi\n# This output is used by Xcode 'outputs' to avoid re-running this script phase.\necho \"SUCCESS\" > \"${SCRIPT_OUTPUT_FILE_0}\"\n";
			showEnvVarsInLog = 0;
		};
/* End PBXShellScriptBuildPhase section */

/* Begin PBXSourcesBuildPhase section */
		805D493B2B0FDE100081B076 /* Sources */ = {
			isa = PBXSourcesBuildPhase;
			buildActionMask = 2147483647;
			files = (
				8049315C2B6BF3C000A413A1 /* StreamingServiceToggles.swift in Sources */,
				80B82C012B49DE3400277AEA /* CollaborativePlaylistViewModel.swift in Sources */,
				802184E62B4885E90096F702 /* HomeView.swift in Sources */,
				805D49542B0FDF370081B076 /* SignUpView.swift in Sources */,
				806858512B8E176600DD973D /* EditCollaboratorsViewModel.swift in Sources */,
				805D49522B0FDEA60081B076 /* LoginView.swift in Sources */,
				8061CE0C2B29EE2C00B0FFD6 /* FallbackAuthenticationService.swift in Sources */,
				802184EA2B4887DA0096F702 /* CollaborativePlaylistMenuView.swift in Sources */,
				8061CE162B2B9F6B00B0FFD6 /* CollaborativePlaylistService.swift in Sources */,
				802184EC2B488A340096F702 /* CollaborativePlaylistMenuViewModel.swift in Sources */,
				801CC9582B167326006FB76D /* LoginViewModel.swift in Sources */,
				802184F62B498B1B0096F702 /* Playlist.swift in Sources */,
				80B82BFF2B49DB5800277AEA /* MusicAsyncImageLoader.swift in Sources */,
				80B4E6AA2B73F8B50026D9C4 /* CachedAsyncImage.swift in Sources */,
				806485092B66B1B200B62C93 /* ActivityViewModel.swift in Sources */,
				8002EBE02B658EB70017C01A /* Activity.swift in Sources */,
				802184F02B497F570096F702 /* CreatePlaylistView.swift in Sources */,
				8020A8B02B6D52A9004C9568 /* CachingService.swift in Sources */,
				805D495C2B0FF8350081B076 /* LongInput.swift in Sources */,
				802184F42B4986FA0096F702 /* CreatePlaylistViewModel.swift in Sources */,
				805D49452B0FDE100081B076 /* ContentView.swift in Sources */,
				8023D1F32B4B0D9D000A1C57 /* AddSongsViewModel.swift in Sources */,
				8064850B2B66B1BF00B62C93 /* RequestViewModel.swift in Sources */,
				80319D9D2B73C44B00C4AB19 /* ProfileAsyncImageLoader.swift in Sources */,
				802184F82B498C620096F702 /* Song.swift in Sources */,
				804931592B6AAA2700A413A1 /* Notification.swift in Sources */,
				80D896E82B5B1BFA00543685 /* UserService.swift in Sources */,
				80F9CF852B6945FA003EAB5F /* SpotifyService.swift in Sources */,
				8061CE0F2B29EED400B0FFD6 /* AuthenticationServiceProtocol.swift in Sources */,
				80E2EB2D2B20E65400E99BF9 /* AppleMusicService.swift in Sources */,
				80D896E52B5B1B8C00543685 /* User.swift in Sources */,
				8061CE082B29DAAF00B0FFD6 /* Errors.swift in Sources */,
				80F9CF832B694455003EAB5F /* AppSettings.swift in Sources */,
				805D49592B0FF31D0081B076 /* RoundButton.swift in Sources */,
				8023D1EF2B4B09E6000A1C57 /* SongService.swift in Sources */,
				806485062B66B12800B62C93 /* RequestView.swift in Sources */,
				80B82C032B4AC5F400277AEA /* AddSongsView.swift in Sources */,
				8064850F2B69259F00B62C93 /* ProfileViewModel.swift in Sources */,
				80550D392B17CB1A00678B11 /* KeychainService.swift in Sources */,
				80B82BFD2B49CB5F00277AEA /* CollaborativePlaylistView.swift in Sources */,
				8020A8B52B726D32004C9568 /* SelectImage.swift in Sources */,
				8064850D2B6923C900B62C93 /* ProfileView.swift in Sources */,
				801CC9522B167183006FB76D /* Logo.swift in Sources */,
				805D49432B0FDE100081B076 /* SyncedFrontendApp.swift in Sources */,
				8020A8B72B727C5B004C9568 /* ImageService.swift in Sources */,
				8061CE122B2B50FD00B0FFD6 /* MusicKitService.swift in Sources */,
				8061CE0A2B29EC4400B0FFD6 /* DIContainer.swift in Sources */,
				802184E42B482F0F0096F702 /* Requests.swift in Sources */,
				8002EBDE2B657CBC0017C01A /* ActivityView.swift in Sources */,
				80550D3B2B17D18500678B11 /* ContentViewModel.swift in Sources */,
				80CE06AC2B2CB23A00D926E2 /* LoadingView.swift in Sources */,
				805D495F2B0FFDE70081B076 /* AuthenticationService.swift in Sources */,
				801CC95A2B16736B006FB76D /* SignUpViewModel.swift in Sources */,
				8068584F2B8E173B00DD973D /* EditCollaboratorsView.swift in Sources */,
				802184E82B4885F30096F702 /* HomeViewModel.swift in Sources */,
				806485032B66ACF600B62C93 /* ActivityService.swift in Sources */,
				80E2EB342B22775F00E99BF9 /* ApiService.swift in Sources */,
				80E2EB322B22748D00E99BF9 /* Responses.swift in Sources */,
				8023D1F12B4B0BFC000A1C57 /* Paginated.swift in Sources */,
				801CC9502B16622A006FB76D /* TextLink.swift in Sources */,
			);
			runOnlyForDeploymentPostprocessing = 0;
		};
/* End PBXSourcesBuildPhase section */

/* Begin XCBuildConfiguration section */
		805D494B2B0FDE120081B076 /* Debug */ = {
			isa = XCBuildConfiguration;
			buildSettings = {
				ALWAYS_SEARCH_USER_PATHS = NO;
				ASSETCATALOG_COMPILER_GENERATE_SWIFT_ASSET_SYMBOL_EXTENSIONS = YES;
				CLANG_ANALYZER_NONNULL = YES;
				CLANG_ANALYZER_NUMBER_OBJECT_CONVERSION = YES_AGGRESSIVE;
				CLANG_CXX_LANGUAGE_STANDARD = "gnu++20";
				CLANG_ENABLE_MODULES = YES;
				CLANG_ENABLE_OBJC_ARC = YES;
				CLANG_ENABLE_OBJC_WEAK = YES;
				CLANG_WARN_BLOCK_CAPTURE_AUTORELEASING = YES;
				CLANG_WARN_BOOL_CONVERSION = YES;
				CLANG_WARN_COMMA = YES;
				CLANG_WARN_CONSTANT_CONVERSION = YES;
				CLANG_WARN_DEPRECATED_OBJC_IMPLEMENTATIONS = YES;
				CLANG_WARN_DIRECT_OBJC_ISA_USAGE = YES_ERROR;
				CLANG_WARN_DOCUMENTATION_COMMENTS = YES;
				CLANG_WARN_EMPTY_BODY = YES;
				CLANG_WARN_ENUM_CONVERSION = YES;
				CLANG_WARN_INFINITE_RECURSION = YES;
				CLANG_WARN_INT_CONVERSION = YES;
				CLANG_WARN_NON_LITERAL_NULL_CONVERSION = YES;
				CLANG_WARN_OBJC_IMPLICIT_RETAIN_SELF = YES;
				CLANG_WARN_OBJC_LITERAL_CONVERSION = YES;
				CLANG_WARN_OBJC_ROOT_CLASS = YES_ERROR;
				CLANG_WARN_QUOTED_INCLUDE_IN_FRAMEWORK_HEADER = YES;
				CLANG_WARN_RANGE_LOOP_ANALYSIS = YES;
				CLANG_WARN_STRICT_PROTOTYPES = YES;
				CLANG_WARN_SUSPICIOUS_MOVE = YES;
				CLANG_WARN_UNGUARDED_AVAILABILITY = YES_AGGRESSIVE;
				CLANG_WARN_UNREACHABLE_CODE = YES;
				CLANG_WARN__DUPLICATE_METHOD_MATCH = YES;
				COPY_PHASE_STRIP = NO;
				DEBUG_INFORMATION_FORMAT = dwarf;
				ENABLE_STRICT_OBJC_MSGSEND = YES;
				ENABLE_TESTABILITY = YES;
				ENABLE_USER_SCRIPT_SANDBOXING = YES;
				GCC_C_LANGUAGE_STANDARD = gnu17;
				GCC_DYNAMIC_NO_PIC = NO;
				GCC_NO_COMMON_BLOCKS = YES;
				GCC_OPTIMIZATION_LEVEL = 0;
				GCC_PREPROCESSOR_DEFINITIONS = (
					"DEBUG=1",
					"$(inherited)",
				);
				GCC_WARN_64_TO_32_BIT_CONVERSION = YES;
				GCC_WARN_ABOUT_RETURN_TYPE = YES_ERROR;
				GCC_WARN_UNDECLARED_SELECTOR = YES;
				GCC_WARN_UNINITIALIZED_AUTOS = YES_AGGRESSIVE;
				GCC_WARN_UNUSED_FUNCTION = YES;
				GCC_WARN_UNUSED_VARIABLE = YES;
				INFOPLIST_KEY_CFBundleDisplayName = Synced;
				IPHONEOS_DEPLOYMENT_TARGET = 17.0;
				LOCALIZATION_PREFERS_STRING_CATALOGS = YES;
				MTL_ENABLE_DEBUG_INFO = INCLUDE_SOURCE;
				MTL_FAST_MATH = YES;
				ONLY_ACTIVE_ARCH = YES;
				PRODUCT_NAME = Synced;
				SDKROOT = iphoneos;
				SWIFT_ACTIVE_COMPILATION_CONDITIONS = "DEBUG $(inherited)";
				SWIFT_OPTIMIZATION_LEVEL = "-Onone";
			};
			name = Debug;
		};
		805D494C2B0FDE120081B076 /* Release */ = {
			isa = XCBuildConfiguration;
			buildSettings = {
				ALWAYS_SEARCH_USER_PATHS = NO;
				ASSETCATALOG_COMPILER_GENERATE_SWIFT_ASSET_SYMBOL_EXTENSIONS = YES;
				CLANG_ANALYZER_NONNULL = YES;
				CLANG_ANALYZER_NUMBER_OBJECT_CONVERSION = YES_AGGRESSIVE;
				CLANG_CXX_LANGUAGE_STANDARD = "gnu++20";
				CLANG_ENABLE_MODULES = YES;
				CLANG_ENABLE_OBJC_ARC = YES;
				CLANG_ENABLE_OBJC_WEAK = YES;
				CLANG_WARN_BLOCK_CAPTURE_AUTORELEASING = YES;
				CLANG_WARN_BOOL_CONVERSION = YES;
				CLANG_WARN_COMMA = YES;
				CLANG_WARN_CONSTANT_CONVERSION = YES;
				CLANG_WARN_DEPRECATED_OBJC_IMPLEMENTATIONS = YES;
				CLANG_WARN_DIRECT_OBJC_ISA_USAGE = YES_ERROR;
				CLANG_WARN_DOCUMENTATION_COMMENTS = YES;
				CLANG_WARN_EMPTY_BODY = YES;
				CLANG_WARN_ENUM_CONVERSION = YES;
				CLANG_WARN_INFINITE_RECURSION = YES;
				CLANG_WARN_INT_CONVERSION = YES;
				CLANG_WARN_NON_LITERAL_NULL_CONVERSION = YES;
				CLANG_WARN_OBJC_IMPLICIT_RETAIN_SELF = YES;
				CLANG_WARN_OBJC_LITERAL_CONVERSION = YES;
				CLANG_WARN_OBJC_ROOT_CLASS = YES_ERROR;
				CLANG_WARN_QUOTED_INCLUDE_IN_FRAMEWORK_HEADER = YES;
				CLANG_WARN_RANGE_LOOP_ANALYSIS = YES;
				CLANG_WARN_STRICT_PROTOTYPES = YES;
				CLANG_WARN_SUSPICIOUS_MOVE = YES;
				CLANG_WARN_UNGUARDED_AVAILABILITY = YES_AGGRESSIVE;
				CLANG_WARN_UNREACHABLE_CODE = YES;
				CLANG_WARN__DUPLICATE_METHOD_MATCH = YES;
				COPY_PHASE_STRIP = NO;
				DEBUG_INFORMATION_FORMAT = "dwarf-with-dsym";
				ENABLE_NS_ASSERTIONS = NO;
				ENABLE_STRICT_OBJC_MSGSEND = YES;
				ENABLE_USER_SCRIPT_SANDBOXING = YES;
				GCC_C_LANGUAGE_STANDARD = gnu17;
				GCC_NO_COMMON_BLOCKS = YES;
				GCC_WARN_64_TO_32_BIT_CONVERSION = YES;
				GCC_WARN_ABOUT_RETURN_TYPE = YES_ERROR;
				GCC_WARN_UNDECLARED_SELECTOR = YES;
				GCC_WARN_UNINITIALIZED_AUTOS = YES_AGGRESSIVE;
				GCC_WARN_UNUSED_FUNCTION = YES;
				GCC_WARN_UNUSED_VARIABLE = YES;
				INFOPLIST_KEY_CFBundleDisplayName = Synced;
				IPHONEOS_DEPLOYMENT_TARGET = 17.0;
				LOCALIZATION_PREFERS_STRING_CATALOGS = YES;
				MTL_ENABLE_DEBUG_INFO = NO;
				MTL_FAST_MATH = YES;
				PRODUCT_NAME = Synced;
				SDKROOT = iphoneos;
				SWIFT_COMPILATION_MODE = wholemodule;
				VALIDATE_PRODUCT = YES;
			};
			name = Release;
		};
		805D494E2B0FDE120081B076 /* Debug */ = {
			isa = XCBuildConfiguration;
			baseConfigurationReference = 80197DD32B7513B100711CFA /* Debug.xcconfig */;
			buildSettings = {
				ASSETCATALOG_COMPILER_APPICON_NAME = AppIcon;
				ASSETCATALOG_COMPILER_GLOBAL_ACCENT_COLOR_NAME = AccentColor;
				CODE_SIGN_ENTITLEMENTS = Synced.entitlements;
				CODE_SIGN_IDENTITY = "Apple Development";
				CODE_SIGN_STYLE = Automatic;
				CURRENT_PROJECT_VERSION = 1;
				DEVELOPMENT_ASSET_PATHS = "\"SyncedFrontend/Preview Content\"";
				DEVELOPMENT_TEAM = M7B8G5NR2U;
				ENABLE_PREVIEWS = YES;
				ENABLE_USER_SCRIPT_SANDBOXING = NO;
				GENERATE_INFOPLIST_FILE = YES;
				INFOPLIST_FILE = SyncedFrontend/Info.plist;
				INFOPLIST_KEY_CFBundleDisplayName = "";
				INFOPLIST_KEY_LSApplicationCategoryType = "";
				INFOPLIST_KEY_NSAppleMusicUsageDescription = "Our app needs access to your Apple Music account to enable the syncing of playlists between Apple Music and Spotify. This allows you to seamlessly create and manage collaborative playlists across both platforms, ensuring your music experience is unified and enjoyable. We respect your privacy and will only access your playlists for synchronization purposes.";
				INFOPLIST_KEY_UIApplicationSceneManifest_Generation = YES;
				INFOPLIST_KEY_UIApplicationSupportsIndirectInputEvents = YES;
				INFOPLIST_KEY_UILaunchScreen_Generation = YES;
				INFOPLIST_KEY_UISupportedInterfaceOrientations_iPad = "UIInterfaceOrientationPortrait UIInterfaceOrientationPortraitUpsideDown UIInterfaceOrientationLandscapeLeft UIInterfaceOrientationLandscapeRight";
				INFOPLIST_KEY_UISupportedInterfaceOrientations_iPhone = "UIInterfaceOrientationPortrait UIInterfaceOrientationLandscapeLeft UIInterfaceOrientationLandscapeRight";
				LD_RUNPATH_SEARCH_PATHS = (
					"$(inherited)",
					"@executable_path/Frameworks",
				);
				MARKETING_VERSION = 1.0;
				PRODUCT_BUNDLE_IDENTIFIER = Jack.SyncedFrontend;
				PRODUCT_NAME = "$(TARGET_NAME)";
				PROVISIONING_PROFILE_SPECIFIER = "";
				SWIFT_EMIT_LOC_STRINGS = YES;
				SWIFT_VERSION = 5.0;
				TARGETED_DEVICE_FAMILY = "1,2";
			};
			name = Debug;
		};
		805D494F2B0FDE120081B076 /* Release */ = {
			isa = XCBuildConfiguration;
			baseConfigurationReference = 80197DD42B7513C800711CFA /* Release.xcconfig */;
			buildSettings = {
				ASSETCATALOG_COMPILER_APPICON_NAME = AppIcon;
				ASSETCATALOG_COMPILER_GLOBAL_ACCENT_COLOR_NAME = AccentColor;
				CODE_SIGN_ENTITLEMENTS = Synced.entitlements;
				CODE_SIGN_IDENTITY = "Apple Development";
				CODE_SIGN_STYLE = Automatic;
				CURRENT_PROJECT_VERSION = 1;
				DEVELOPMENT_ASSET_PATHS = "\"SyncedFrontend/Preview Content\"";
				DEVELOPMENT_TEAM = M7B8G5NR2U;
				ENABLE_PREVIEWS = YES;
				ENABLE_USER_SCRIPT_SANDBOXING = NO;
				GENERATE_INFOPLIST_FILE = YES;
				INFOPLIST_FILE = SyncedFrontend/Info.plist;
				INFOPLIST_KEY_CFBundleDisplayName = "";
				INFOPLIST_KEY_LSApplicationCategoryType = "";
				INFOPLIST_KEY_NSAppleMusicUsageDescription = "Our app needs access to your Apple Music account to enable the syncing of playlists between Apple Music and Spotify. This allows you to seamlessly create and manage collaborative playlists across both platforms, ensuring your music experience is unified and enjoyable. We respect your privacy and will only access your playlists for synchronization purposes.";
				INFOPLIST_KEY_UIApplicationSceneManifest_Generation = YES;
				INFOPLIST_KEY_UIApplicationSupportsIndirectInputEvents = YES;
				INFOPLIST_KEY_UILaunchScreen_Generation = YES;
				INFOPLIST_KEY_UISupportedInterfaceOrientations_iPad = "UIInterfaceOrientationPortrait UIInterfaceOrientationPortraitUpsideDown UIInterfaceOrientationLandscapeLeft UIInterfaceOrientationLandscapeRight";
				INFOPLIST_KEY_UISupportedInterfaceOrientations_iPhone = "UIInterfaceOrientationPortrait UIInterfaceOrientationLandscapeLeft UIInterfaceOrientationLandscapeRight";
				LD_RUNPATH_SEARCH_PATHS = (
					"$(inherited)",
					"@executable_path/Frameworks",
				);
				MARKETING_VERSION = 1.0;
				PRODUCT_BUNDLE_IDENTIFIER = Jack.SyncedFrontend;
				PRODUCT_NAME = "$(TARGET_NAME)";
				PROVISIONING_PROFILE_SPECIFIER = "";
				SWIFT_EMIT_LOC_STRINGS = YES;
				SWIFT_VERSION = 5.0;
				TARGETED_DEVICE_FAMILY = "1,2";
			};
			name = Release;
		};
/* End XCBuildConfiguration section */

/* Begin XCConfigurationList section */
		805D493A2B0FDE100081B076 /* Build configuration list for PBXProject "SyncedFrontend" */ = {
			isa = XCConfigurationList;
			buildConfigurations = (
				805D494B2B0FDE120081B076 /* Debug */,
				805D494C2B0FDE120081B076 /* Release */,
			);
			defaultConfigurationIsVisible = 0;
			defaultConfigurationName = Release;
		};
		805D494D2B0FDE120081B076 /* Build configuration list for PBXNativeTarget "Synced" */ = {
			isa = XCConfigurationList;
			buildConfigurations = (
				805D494E2B0FDE120081B076 /* Debug */,
				805D494F2B0FDE120081B076 /* Release */,
			);
			defaultConfigurationIsVisible = 0;
			defaultConfigurationName = Release;
		};
/* End XCConfigurationList section */
	};
	rootObject = 805D49372B0FDE100081B076 /* Project object */;
}
