PODS:
  - AWSCognito (2.19.1):
    - AWSCore (= 2.19.1)
  - AWSCognitoIdentityProvider (2.19.1):
    - AWSCognitoIdentityProviderASF (= 2.19.1)
    - AWSCore (= 2.19.1)
  - AWSCognitoIdentityProviderASF (2.19.1)
  - AWSCore (2.19.1)

DEPENDENCIES:
  - AWSCognito
  - AWSCognitoIdentityProvider

SPEC REPOS:
  trunk:
    - AWSCognito
    - AWSCognitoIdentityProvider
    - AWSCognitoIdentityProviderASF
    - AWSCore

SPEC CHECKSUMS:
  AWSCognito: f50de600804941d083af37a7568905f31a774727
  AWSCognitoIdentityProvider: e6932c709d3e0b234128aeb5f2052c9bf1032d8d
  AWSCognitoIdentityProviderASF: 749f58b75e69f7f0144b9d38539525562b843d34
  AWSCore: 55c154ae27efc5c98bdc30a0eeea5a35d10a2ab5

PODFILE CHECKSUM: 80527fb84a711898b4f0e9a040425fe28c56fb03

COCOAPODS: 1.14.3
